{
  "version": 4,
  "terraform_version": "1.5.5",
  "serial": 10,
  "lineage": "08349586-42a2-e936-1a41-122bd0bc50ab",
  "outputs": {},
  "resources": [
    {
      "mode": "managed",
      "type": "yandex_compute_instance",
      "name": "nginxvm1",
      "provider": "provider[\"registry.terraform.io/yandex-cloud/yandex\"]",
      "instances": [
        {
          "schema_version": 1,
          "attributes": {
            "allow_recreate": null,
            "allow_stopping_for_update": null,
            "boot_disk": [
              {
                "auto_delete": true,
                "device_name": "fhmm1tnvkod3inb0kurc",
                "disk_id": "fhmm1tnvkod3inb0kurc",
                "initialize_params": [
                  {
                    "block_size": 4096,
                    "description": "boot disk for nginx_server1",
                    "image_id": "fd8o41nbel1uqngk0op2",
                    "name": "",
                    "size": 10,
                    "snapshot_id": "",
                    "type": "network-hdd"
                  }
                ],
                "mode": "READ_WRITE"
              }
            ],
            "created_at": "2023-08-15T18:40:19Z",
            "description": "",
            "filesystem": [],
            "folder_id": "b1g0sl2egu48nl5rudrb",
            "fqdn": "fhm9aukkjf95d4tddme7.auto.internal",
            "gpu_cluster_id": "",
            "hostname": "",
            "id": "fhm9aukkjf95d4tddme7",
            "labels": null,
            "local_disk": [],
            "metadata": {
              "user-data": "#cloud-config\nusers:\n - name: user\n   groups: sudo\n   shell: /bin/bash\n   sudo: ['ALL=(ALL) NOPASSWD:ALL']\n   ssh-authorized-keys:\n     - ssh-rsa AAAAB3NzaC1yc2EAAAADAQABAAABgQCwofI/82wIPsF4MU5M65mCrI1bSX5w23wR5x6qX4jJ+aLPgEyHGfKeSkGhGKa6HopVsHQE9xYDXjb4MhqFhSUnBdh54Oxits/4yso9wudNDSyH/i2SJGsLEfRivf0axDwoB9rp0yPVBVq3bHa5TCkzRbEXDR0acOiATYpaatj1XbTerovoKPKQBHoy+xRDCbYoVksjkaDlrlL16bNX5iaQeYVAKyFT7w68QJOnrtMRYFVa7JDfLxD/mHaP692NVX4QDPwJeux7Ect5F0/zvkhqMyYn++rI3XSlk5rCUs5XwYNuZhH0Ofr+SPpsiag60uIBGiE6KExQlco6JwuQ69ilELF/7OZd2ZPzY+j2yVujObV4Xzi+tNX7SZ7CJgSCA7Z7tHOI33B4mx0QWMQfka1vQ7rfOnWyiu84hkcEg9RsHRTyUlwbrl743jg5AtZ5gXKMSw+4a7sYEOiCuDb5QFOOSlrI3pcoUO7JZyxnkxQB+D+/WtHWLpzmQ3ozmRj4nxU= skopkin@Sio"
            },
            "metadata_options": [
              {
                "aws_v1_http_endpoint": 1,
                "aws_v1_http_token": 2,
                "gce_http_endpoint": 1,
                "gce_http_token": 1
              }
            ],
            "name": "nginxvm1",
            "network_acceleration_type": "standard",
            "network_interface": [
              {
                "dns_record": [],
                "index": 0,
                "ip_address": "10.0.1.7",
                "ipv4": true,
                "ipv6": false,
                "ipv6_address": "",
                "ipv6_dns_record": [],
                "mac_address": "d0:0d:95:7a:94:9b",
                "nat": true,
                "nat_dns_record": [],
                "nat_ip_address": "158.160.45.250",
                "nat_ip_version": "IPV4",
                "security_group_ids": [],
                "subnet_id": "e9bq27o29tlt3690lp9v"
              }
            ],
            "placement_policy": [
              {
                "host_affinity_rules": [],
                "placement_group_id": ""
              }
            ],
            "platform_id": "standard-v1",
            "resources": [
              {
                "core_fraction": 20,
                "cores": 2,
                "gpus": 0,
                "memory": 4
              }
            ],
            "scheduling_policy": [
              {
                "preemptible": false
              }
            ],
            "secondary_disk": [],
            "service_account_id": "",
            "status": "running",
            "timeouts": null,
            "zone": "ru-central1-a"
          },
          "sensitive_attributes": [],
          "private": "eyJlMmJmYjczMC1lY2FhLTExZTYtOGY4OC0zNDM2M2JjN2M0YzAiOnsiY3JlYXRlIjozMDAwMDAwMDAwMDAsImRlbGV0ZSI6MzAwMDAwMDAwMDAwLCJ1cGRhdGUiOjMwMDAwMDAwMDAwMH0sInNjaGVtYV92ZXJzaW9uIjoiMSJ9",
          "dependencies": [
            "yandex_vpc_subnet.subnet1"
          ]
        }
      ]
    },
    {
      "mode": "managed",
      "type": "yandex_compute_instance",
      "name": "nginxvm2",
      "provider": "provider[\"registry.terraform.io/yandex-cloud/yandex\"]",
      "instances": [
        {
          "schema_version": 1,
          "attributes": {
            "allow_recreate": null,
            "allow_stopping_for_update": null,
            "boot_disk": [
              {
                "auto_delete": true,
                "device_name": "epdvmtkcbo7uvc27bmbn",
                "disk_id": "epdvmtkcbo7uvc27bmbn",
                "initialize_params": [
                  {
                    "block_size": 4096,
                    "description": "boot disk for nginx_server1",
                    "image_id": "fd8o41nbel1uqngk0op2",
                    "name": "",
                    "size": 10,
                    "snapshot_id": "",
                    "type": "network-hdd"
                  }
                ],
                "mode": "READ_WRITE"
              }
            ],
            "created_at": "2023-08-15T18:40:20Z",
            "description": "",
            "filesystem": [],
            "folder_id": "b1g0sl2egu48nl5rudrb",
            "fqdn": "epd62sh9aea0nvdq3h1b.auto.internal",
            "gpu_cluster_id": "",
            "hostname": "",
            "id": "epd62sh9aea0nvdq3h1b",
            "labels": null,
            "local_disk": [],
            "metadata": {
              "user-data": "#cloud-config\nusers:\n - name: user\n   groups: sudo\n   shell: /bin/bash\n   sudo: ['ALL=(ALL) NOPASSWD:ALL']\n   ssh-authorized-keys:\n     - ssh-rsa AAAAB3NzaC1yc2EAAAADAQABAAABgQCwofI/82wIPsF4MU5M65mCrI1bSX5w23wR5x6qX4jJ+aLPgEyHGfKeSkGhGKa6HopVsHQE9xYDXjb4MhqFhSUnBdh54Oxits/4yso9wudNDSyH/i2SJGsLEfRivf0axDwoB9rp0yPVBVq3bHa5TCkzRbEXDR0acOiATYpaatj1XbTerovoKPKQBHoy+xRDCbYoVksjkaDlrlL16bNX5iaQeYVAKyFT7w68QJOnrtMRYFVa7JDfLxD/mHaP692NVX4QDPwJeux7Ect5F0/zvkhqMyYn++rI3XSlk5rCUs5XwYNuZhH0Ofr+SPpsiag60uIBGiE6KExQlco6JwuQ69ilELF/7OZd2ZPzY+j2yVujObV4Xzi+tNX7SZ7CJgSCA7Z7tHOI33B4mx0QWMQfka1vQ7rfOnWyiu84hkcEg9RsHRTyUlwbrl743jg5AtZ5gXKMSw+4a7sYEOiCuDb5QFOOSlrI3pcoUO7JZyxnkxQB+D+/WtHWLpzmQ3ozmRj4nxU= skopkin@Sio"
            },
            "metadata_options": [
              {
                "aws_v1_http_endpoint": 1,
                "aws_v1_http_token": 2,
                "gce_http_endpoint": 1,
                "gce_http_token": 1
              }
            ],
            "name": "nginxvm2",
            "network_acceleration_type": "standard",
            "network_interface": [
              {
                "dns_record": [],
                "index": 0,
                "ip_address": "10.0.2.15",
                "ipv4": true,
                "ipv6": false,
                "ipv6_address": "",
                "ipv6_dns_record": [],
                "mac_address": "d0:0d:61:72:29:53",
                "nat": true,
                "nat_dns_record": [],
                "nat_ip_address": "158.160.28.245",
                "nat_ip_version": "IPV4",
                "security_group_ids": [],
                "subnet_id": "e2l1gv3gtr0gm17amcir"
              }
            ],
            "placement_policy": [
              {
                "host_affinity_rules": [],
                "placement_group_id": ""
              }
            ],
            "platform_id": "standard-v1",
            "resources": [
              {
                "core_fraction": 20,
                "cores": 2,
                "gpus": 0,
                "memory": 4
              }
            ],
            "scheduling_policy": [
              {
                "preemptible": false
              }
            ],
            "secondary_disk": [],
            "service_account_id": "",
            "status": "running",
            "timeouts": null,
            "zone": "ru-central1-b"
          },
          "sensitive_attributes": [],
          "private": "eyJlMmJmYjczMC1lY2FhLTExZTYtOGY4OC0zNDM2M2JjN2M0YzAiOnsiY3JlYXRlIjozMDAwMDAwMDAwMDAsImRlbGV0ZSI6MzAwMDAwMDAwMDAwLCJ1cGRhdGUiOjMwMDAwMDAwMDAwMH0sInNjaGVtYV92ZXJzaW9uIjoiMSJ9",
          "dependencies": [
            "yandex_vpc_subnet.subnet2"
          ]
        }
      ]
    },
    {
      "mode": "managed",
      "type": "yandex_vpc_network",
      "name": "network1",
      "provider": "provider[\"registry.terraform.io/yandex-cloud/yandex\"]",
      "instances": [
        {
          "schema_version": 0,
          "attributes": {
            "created_at": "2023-08-15T17:50:27Z",
            "default_security_group_id": "",
            "description": "",
            "folder_id": "b1g0sl2egu48nl5rudrb",
            "id": "enp2c6kctp9ja7r9ti3s",
            "labels": {},
            "name": "network1",
            "subnet_ids": [
              "e2l1gv3gtr0gm17amcir",
              "e9bq27o29tlt3690lp9v"
            ],
            "timeouts": null
          },
          "sensitive_attributes": [],
          "private": "eyJlMmJmYjczMC1lY2FhLTExZTYtOGY4OC0zNDM2M2JjN2M0YzAiOnsiY3JlYXRlIjo2MDAwMDAwMDAwMCwiZGVsZXRlIjo2MDAwMDAwMDAwMCwidXBkYXRlIjo2MDAwMDAwMDAwMH19"
        }
      ]
    },
    {
      "mode": "managed",
      "type": "yandex_vpc_subnet",
      "name": "subnet1",
      "provider": "provider[\"registry.terraform.io/yandex-cloud/yandex\"]",
      "instances": [
        {
          "schema_version": 0,
          "attributes": {
            "created_at": "2023-08-15T17:50:28Z",
            "description": "",
            "dhcp_options": [],
            "folder_id": "b1g0sl2egu48nl5rudrb",
            "id": "e9bq27o29tlt3690lp9v",
            "labels": {},
            "name": "subnet1",
            "network_id": "enp2c6kctp9ja7r9ti3s",
            "route_table_id": "",
            "timeouts": null,
            "v4_cidr_blocks": [
              "10.0.1.0/24"
            ],
            "v6_cidr_blocks": [],
            "zone": "ru-central1-a"
          },
          "sensitive_attributes": [],
          "private": "eyJlMmJmYjczMC1lY2FhLTExZTYtOGY4OC0zNDM2M2JjN2M0YzAiOnsiY3JlYXRlIjoxODAwMDAwMDAwMDAsImRlbGV0ZSI6MTgwMDAwMDAwMDAwLCJ1cGRhdGUiOjE4MDAwMDAwMDAwMH19",
          "dependencies": [
            "yandex_vpc_network.network1"
          ]
        }
      ]
    },
    {
      "mode": "managed",
      "type": "yandex_vpc_subnet",
      "name": "subnet2",
      "provider": "provider[\"registry.terraform.io/yandex-cloud/yandex\"]",
      "instances": [
        {
          "schema_version": 0,
          "attributes": {
            "created_at": "2023-08-15T17:50:29Z",
            "description": "",
            "dhcp_options": [],
            "folder_id": "b1g0sl2egu48nl5rudrb",
            "id": "e2l1gv3gtr0gm17amcir",
            "labels": {},
            "name": "subnet2",
            "network_id": "enp2c6kctp9ja7r9ti3s",
            "route_table_id": "",
            "timeouts": null,
            "v4_cidr_blocks": [
              "10.0.2.0/24"
            ],
            "v6_cidr_blocks": [],
            "zone": "ru-central1-b"
          },
          "sensitive_attributes": [],
          "private": "eyJlMmJmYjczMC1lY2FhLTExZTYtOGY4OC0zNDM2M2JjN2M0YzAiOnsiY3JlYXRlIjoxODAwMDAwMDAwMDAsImRlbGV0ZSI6MTgwMDAwMDAwMDAwLCJ1cGRhdGUiOjE4MDAwMDAwMDAwMH19",
          "dependencies": [
            "yandex_vpc_network.network1"
          ]
        }
      ]
    }
  ],
  "check_results": null
}
